
Microsoft Visual Studio Solution File, Format Version 12.00
# Visual Studio Version 17
VisualStudioVersion = 17.0.31903.59
MinimumVisualStudioVersion = 10.0.40219.1
Project("{2150E333-8FDC-42A3-9474-1A3956D46DE8}") = "src", "src", "{827E0CD3-B72D-47B6-A68D-7590B98EB39B}"
EndProject
Project("{FAE04EC0-301F-11D3-BF4B-00C04F79EFBC}") = "RiskLensAI.Domain", "src\RiskLensAI.Domain\RiskLensAI.Domain.csproj", "{982ED213-90E0-4980-9A4D-BD94157305DE}"
EndProject
Project("{FAE04EC0-301F-11D3-BF4B-00C04F79EFBC}") = "RiskLensAI.Application", "src\RiskLensAI.Application\RiskLensAI.Application.csproj", "{009C198B-0479-4CAA-9EB8-377610DC66F1}"
EndProject
Project("{FAE04EC0-301F-11D3-BF4B-00C04F79EFBC}") = "RiskLensAI.Infrastructure", "src\RiskLensAI.Infrastructure\RiskLensAI.Infrastructure.csproj", "{2678B3D1-5ADA-49AB-8CE4-4E9BF779C4C0}"
EndProject
Project("{FAE04EC0-301F-11D3-BF4B-00C04F79EFBC}") = "RiskLensAI.Web", "src\RiskLensAI.Web\RiskLensAI.Web.csproj", "{EA639779-140C-4E81-B5E7-02166094C6F7}"
EndProject
Project("{2150E333-8FDC-42A3-9474-1A3956D46DE8}") = "tests", "tests", "{0AB3BF05-4346-4AA6-1389-037BE0695223}"
EndProject
Project("{FAE04EC0-301F-11D3-BF4B-00C04F79EFBC}") = "RiskLensAI.Application.Tests", "tests\RiskLensAI.Application.Tests\RiskLensAI.Application.Tests.csproj", "{B2511AD5-64B4-437A-A89F-8C6E07C09376}"
EndProject
Project("{FAE04EC0-301F-11D3-BF4B-00C04F79EFBC}") = "RiskLensAI.Infrastructure.Tests", "tests\RiskLensAI.Infrastructure.Tests\RiskLensAI.Infrastructure.Tests.csproj", "{86D6CDB5-78B5-4248-BAF6-D44C08C6770E}"
EndProject
Project("{FAE04EC0-301F-11D3-BF4B-00C04F79EFBC}") = "RiskLensAI.Web.Tests", "tests\RiskLensAI.Web.Tests\RiskLensAI.Web.Tests.csproj", "{A1B2C3D4-E5F6-4A7B-8C9D-0E1F2A3B4C5D}"
EndProject
Global
	GlobalSection(SolutionConfigurationPlatforms) = preSolution
		Debug|Any CPU = Debug|Any CPU
		Debug|x64 = Debug|x64
		Debug|x86 = Debug|x86
		Release|Any CPU = Release|Any CPU
		Release|x64 = Release|x64
		Release|x86 = Release|x86
	EndGlobalSection
	GlobalSection(ProjectConfigurationPlatforms) = postSolution
		{982ED213-90E0-4980-9A4D-BD94157305DE}.Debug|Any CPU.ActiveCfg = Debug|Any CPU
		{982ED213-90E0-4980-9A4D-BD94157305DE}.Debug|Any CPU.Build.0 = Debug|Any CPU
		{982ED213-90E0-4980-9A4D-BD94157305DE}.Debug|x64.ActiveCfg = Debug|Any CPU
		{982ED213-90E0-4980-9A4D-BD94157305DE}.Debug|x64.Build.0 = Debug|Any CPU
		{982ED213-90E0-4980-9A4D-BD94157305DE}.Debug|x86.ActiveCfg = Debug|Any CPU
		{982ED213-90E0-4980-9A4D-BD94157305DE}.Debug|x86.Build.0 = Debug|Any CPU
		{982ED213-90E0-4980-9A4D-BD94157305DE}.Release|Any CPU.ActiveCfg = Release|Any CPU
		{982ED213-90E0-4980-9A4D-BD94157305DE}.Release|Any CPU.Build.0 = Release|Any CPU
		{982ED213-90E0-4980-9A4D-BD94157305DE}.Release|x64.ActiveCfg = Release|Any CPU
		{982ED213-90E0-4980-9A4D-BD94157305DE}.Release|x64.Build.0 = Release|Any CPU
		{982ED213-90E0-4980-9A4D-BD94157305DE}.Release|x86.ActiveCfg = Release|Any CPU
		{982ED213-90E0-4980-9A4D-BD94157305DE}.Release|x86.Build.0 = Release|Any CPU
		{009C198B-0479-4CAA-9EB8-377610DC66F1}.Debug|Any CPU.ActiveCfg = Debug|Any CPU
		{009C198B-0479-4CAA-9EB8-377610DC66F1}.Debug|Any CPU.Build.0 = Debug|Any CPU
		{009C198B-0479-4CAA-9EB8-377610DC66F1}.Debug|x64.ActiveCfg = Debug|Any CPU
		{009C198B-0479-4CAA-9EB8-377610DC66F1}.Debug|x64.Build.0 = Debug|Any CPU
		{009C198B-0479-4CAA-9EB8-377610DC66F1}.Debug|x86.ActiveCfg = Debug|Any CPU
		{009C198B-0479-4CAA-9EB8-377610DC66F1}.Debug|x86.Build.0 = Debug|Any CPU
		{009C198B-0479-4CAA-9EB8-377610DC66F1}.Release|Any CPU.ActiveCfg = Release|Any CPU
		{009C198B-0479-4CAA-9EB8-377610DC66F1}.Release|Any CPU.Build.0 = Release|Any CPU
		{009C198B-0479-4CAA-9EB8-377610DC66F1}.Release|x64.ActiveCfg = Release|Any CPU
		{009C198B-0479-4CAA-9EB8-377610DC66F1}.Release|x64.Build.0 = Release|Any CPU
		{009C198B-0479-4CAA-9EB8-377610DC66F1}.Release|x86.ActiveCfg = Release|Any CPU
		{009C198B-0479-4CAA-9EB8-377610DC66F1}.Release|x86.Build.0 = Release|Any CPU
		{2678B3D1-5ADA-49AB-8CE4-4E9BF779C4C0}.Debug|Any CPU.ActiveCfg = Debug|Any CPU
		{2678B3D1-5ADA-49AB-8CE4-4E9BF779C4C0}.Debug|Any CPU.Build.0 = Debug|Any CPU
		{2678B3D1-5ADA-49AB-8CE4-4E9BF779C4C0}.Debug|x64.ActiveCfg = Debug|Any CPU
		{2678B3D1-5ADA-49AB-8CE4-4E9BF779C4C0}.Debug|x64.Build.0 = Debug|Any CPU
		{2678B3D1-5ADA-49AB-8CE4-4E9BF779C4C0}.Debug|x86.ActiveCfg = Debug|Any CPU
		{2678B3D1-5ADA-49AB-8CE4-4E9BF779C4C0}.Debug|x86.Build.0 = Debug|Any CPU
		{2678B3D1-5ADA-49AB-8CE4-4E9BF779C4C0}.Release|Any CPU.ActiveCfg = Release|Any CPU
		{2678B3D1-5ADA-49AB-8CE4-4E9BF779C4C0}.Release|Any CPU.Build.0 = Release|Any CPU
		{2678B3D1-5ADA-49AB-8CE4-4E9BF779C4C0}.Release|x64.ActiveCfg = Release|Any CPU
		{2678B3D1-5ADA-49AB-8CE4-4E9BF779C4C0}.Release|x64.Build.0 = Release|Any CPU
		{2678B3D1-5ADA-49AB-8CE4-4E9BF779C4C0}.Release|x86.ActiveCfg = Release|Any CPU
		{2678B3D1-5ADA-49AB-8CE4-4E9BF779C4C0}.Release|x86.Build.0 = Release|Any CPU
		{EA639779-140C-4E81-B5E7-02166094C6F7}.Debug|Any CPU.ActiveCfg = Debug|Any CPU
		{EA639779-140C-4E81-B5E7-02166094C6F7}.Debug|Any CPU.Build.0 = Debug|Any CPU
		{EA639779-140C-4E81-B5E7-02166094C6F7}.Debug|x64.ActiveCfg = Debug|Any CPU
		{EA639779-140C-4E81-B5E7-02166094C6F7}.Debug|x64.Build.0 = Debug|Any CPU
		{EA639779-140C-4E81-B5E7-02166094C6F7}.Debug|x86.ActiveCfg = Debug|Any CPU
		{EA639779-140C-4E81-B5E7-02166094C6F7}.Debug|x86.Build.0 = Debug|Any CPU
		{EA639779-140C-4E81-B5E7-02166094C6F7}.Release|Any CPU.ActiveCfg = Release|Any CPU
		{EA639779-140C-4E81-B5E7-02166094C6F7}.Release|Any CPU.Build.0 = Release|Any CPU
		{EA639779-140C-4E81-B5E7-02166094C6F7}.Release|x64.ActiveCfg = Release|Any CPU
		{EA639779-140C-4E81-B5E7-02166094C6F7}.Release|x64.Build.0 = Release|Any CPU
		{EA639779-140C-4E81-B5E7-02166094C6F7}.Release|x86.ActiveCfg = Release|Any CPU
		{EA639779-140C-4E81-B5E7-02166094C6F7}.Release|x86.Build.0 = Release|Any CPU
		{B2511AD5-64B4-437A-A89F-8C6E07C09376}.Debug|Any CPU.ActiveCfg = Debug|Any CPU
		{B2511AD5-64B4-437A-A89F-8C6E07C09376}.Debug|Any CPU.Build.0 = Debug|Any CPU
		{B2511AD5-64B4-437A-A89F-8C6E07C09376}.Debug|x64.ActiveCfg = Debug|Any CPU
		{B2511AD5-64B4-437A-A89F-8C6E07C09376}.Debug|x64.Build.0 = Debug|Any CPU
		{B2511AD5-64B4-437A-A89F-8C6E07C09376}.Debug|x86.ActiveCfg = Debug|Any CPU
		{B2511AD5-64B4-437A-A89F-8C6E07C09376}.Debug|x86.Build.0 = Debug|Any CPU
		{B2511AD5-64B4-437A-A89F-8C6E07C09376}.Release|Any CPU.ActiveCfg = Release|Any CPU
		{B2511AD5-64B4-437A-A89F-8C6E07C09376}.Release|Any CPU.Build.0 = Release|Any CPU
		{B2511AD5-64B4-437A-A89F-8C6E07C09376}.Release|x64.ActiveCfg = Release|Any CPU
		{B2511AD5-64B4-437A-A89F-8C6E07C09376}.Release|x64.Build.0 = Release|Any CPU
		{B2511AD5-64B4-437A-A89F-8C6E07C09376}.Release|x86.ActiveCfg = Release|Any CPU
		{B2511AD5-64B4-437A-A89F-8C6E07C09376}.Release|x86.Build.0 = Release|Any CPU
		{86D6CDB5-78B5-4248-BAF6-D44C08C6770E}.Debug|Any CPU.ActiveCfg = Debug|Any CPU
		{86D6CDB5-78B5-4248-BAF6-D44C08C6770E}.Debug|Any CPU.Build.0 = Debug|Any CPU
		{86D6CDB5-78B5-4248-BAF6-D44C08C6770E}.Debug|x64.ActiveCfg = Debug|Any CPU
		{86D6CDB5-78B5-4248-BAF6-D44C08C6770E}.Debug|x64.Build.0 = Debug|Any CPU
		{86D6CDB5-78B5-4248-BAF6-D44C08C6770E}.Debug|x86.ActiveCfg = Debug|Any CPU
		{86D6CDB5-78B5-4248-BAF6-D44C08C6770E}.Debug|x86.Build.0 = Debug|Any CPU
		{86D6CDB5-78B5-4248-BAF6-D44C08C6770E}.Release|Any CPU.ActiveCfg = Release|Any CPU
		{86D6CDB5-78B5-4248-BAF6-D44C08C6770E}.Release|Any CPU.Build.0 = Release|Any CPU
		{86D6CDB5-78B5-4248-BAF6-D44C08C6770E}.Release|x64.ActiveCfg = Release|Any CPU
		{86D6CDB5-78B5-4248-BAF6-D44C08C6770E}.Release|x64.Build.0 = Release|Any CPU
		{86D6CDB5-78B5-4248-BAF6-D44C08C6770E}.Release|x86.ActiveCfg = Release|Any CPU
		{86D6CDB5-78B5-4248-BAF6-D44C08C6770E}.Release|x86.Build.0 = Release|Any CPU
		{A1B2C3D4-E5F6-4A7B-8C9D-0E1F2A3B4C5D}.Debug|Any CPU.ActiveCfg = Debug|Any CPU
		{A1B2C3D4-E5F6-4A7B-8C9D-0E1F2A3B4C5D}.Debug|Any CPU.Build.0 = Debug|Any CPU
		{A1B2C3D4-E5F6-4A7B-8C9D-0E1F2A3B4C5D}.Debug|x64.ActiveCfg = Debug|Any CPU
		{A1B2C3D4-E5F6-4A7B-8C9D-0E1F2A3B4C5D}.Debug|x64.Build.0 = Debug|Any CPU
		{A1B2C3D4-E5F6-4A7B-8C9D-0E1F2A3B4C5D}.Debug|x86.ActiveCfg = Debug|Any CPU
		{A1B2C3D4-E5F6-4A7B-8C9D-0E1F2A3B4C5D}.Debug|x86.Build.0 = Debug|Any CPU
		{A1B2C3D4-E5F6-4A7B-8C9D-0E1F2A3B4C5D}.Release|Any CPU.ActiveCfg = Release|Any CPU
		{A1B2C3D4-E5F6-4A7B-8C9D-0E1F2A3B4C5D}.Release|Any CPU.Build.0 = Release|Any CPU
		{A1B2C3D4-E5F6-4A7B-8C9D-0E1F2A3B4C5D}.Release|x64.ActiveCfg = Release|Any CPU
		{A1B2C3D4-E5F6-4A7B-8C9D-0E1F2A3B4C5D}.Release|x64.Build.0 = Release|Any CPU
		{A1B2C3D4-E5F6-4A7B-8C9D-0E1F2A3B4C5D}.Release|x86.ActiveCfg = Release|Any CPU
		{A1B2C3D4-E5F6-4A7B-8C9D-0E1F2A3B4C5D}.Release|x86.Build.0 = Release|Any CPU
	EndGlobalSection
	GlobalSection(SolutionProperties) = preSolution
		HideSolutionNode = FALSE
	EndGlobalSection
	GlobalSection(NestedProjects) = preSolution
		{982ED213-90E0-4980-9A4D-BD94157305DE} = {827E0CD3-B72D-47B6-A68D-7590B98EB39B}
		{009C198B-0479-4CAA-9EB8-377610DC66F1} = {827E0CD3-B72D-47B6-A68D-7590B98EB39B}
		{2678B3D1-5ADA-49AB-8CE4-4E9BF779C4C0} = {827E0CD3-B72D-47B6-A68D-7590B98EB39B}
		{EA639779-140C-4E81-B5E7-02166094C6F7} = {827E0CD3-B72D-47B6-A68D-7590B98EB39B}
		{B2511AD5-64B4-437A-A89F-8C6E07C09376} = {0AB3BF05-4346-4AA6-1389-037BE0695223}
		{86D6CDB5-78B5-4248-BAF6-D44C08C6770E} = {0AB3BF05-4346-4AA6-1389-037BE0695223}
		{A1B2C3D4-E5F6-4A7B-8C9D-0E1F2A3B4C5D} = {0AB3BF05-4346-4AA6-1389-037BE0695223}
	EndGlobalSection
EndGlobal
